
Microsoft Visual Studio Solution File, Format Version 12.00
# Visual Studio Version 16
VisualStudioVersion = 16.0.30503.244
MinimumVisualStudioVersion = 10.0.40219.1
Project("{FAE04EC0-301F-11D3-BF4B-00C04F79EFBC}") = "ConsoleApp2", "ConsoleApp2.csproj", "{D5C296FE-7415-49E0-9C64-4F41A7D0E832}"
EndProject
Global
	GlobalSection(SolutionConfigurationPlatforms) = preSolution
		Debug|Any CPU = Debug|Any CPU
		Release|Any CPU = Release|Any CPU
	EndGlobalSection
	GlobalSection(ProjectConfigurationPlatforms) = postSolution
		{D5C296FE-7415-49E0-9C64-4F41A7D0E832}.Debug|Any CPU.ActiveCfg = Debug|Any CPU
		{D5C296FE-7415-49E0-9C64-4F41A7D0E832}.Debug|Any CPU.Build.0 = Debug|Any CPU
		{D5C296FE-7415-49E0-9C64-4F41A7D0E832}.Release|Any CPU.ActiveCfg = Release|Any CPU
		{D5C296FE-7415-49E0-9C64-4F41A7D0E832}.Release|Any CPU.Build.0 = Release|Any CPU
	EndGlobalSection
	GlobalSection(SolutionProperties) = preSolution
		HideSolutionNode = FALSE
	EndGlobalSection
	GlobalSection(ExtensibilityGlobals) = postSolution
		SolutionGuid = {CC12B18E-43A8-4F65-AF1F-9CD206B52942}
	EndGlobalSection
EndGlobal
